{
  "name": "html",
  "version": "1.0.0",
  "lockfileVersion": 1,
  "requires": true,
  "dependencies": {
    "@types/w3c-web-usb": {
      "version": "1.0.10",
      "resolved": "https://registry.npmjs.org/@types/w3c-web-usb/-/w3c-web-usb-1.0.10.tgz",
      "integrity": "sha512-CHgUI5kTc/QLMP8hODUHhge0D4vx+9UiAwIGiT0sTy/B2XpdX1U5rJt6JSISgr6ikRT7vxV9EVAFeYZqUnl1gQ=="
    },
    "@yume-chan/adb": {
      "version": "0.0.22",
      "resolved": "https://registry.npmjs.org/@yume-chan/adb/-/adb-0.0.22.tgz",
      "integrity": "sha512-X1HHfINMpkEXZkZ9pm9L8FqD2PytzU7T+wiZ4l3WE8r/YwfmDciV7yDE9A+h0KGJPK6dabMRC31sniu0ciwezg==",
      "requires": {
        "@yume-chan/async": "^2.2.0",
        "@yume-chan/dataview-bigint-polyfill": "^0.0.22",
        "@yume-chan/event": "^0.0.22",
        "@yume-chan/stream-extra": "^0.0.22",
        "@yume-chan/struct": "^0.0.22",
        "tslib": "^2.6.2"
      }
    },
    "@yume-chan/adb-daemon-webusb": {
      "version": "0.0.22",
      "resolved": "https://registry.npmjs.org/@yume-chan/adb-daemon-webusb/-/adb-daemon-webusb-0.0.22.tgz",
      "integrity": "sha512-H2Rhjb6Qu9W+LtG9sEhEJ5v+wT2cXMcLYptquJO9x4GxCpb1gytoo0DXkcXZFMUKipM5QxePjNLbUid7EUteFw==",
      "requires": {
        "@types/w3c-web-usb": "^1.0.10",
        "@yume-chan/adb": "^0.0.22",
        "@yume-chan/stream-extra": "^0.0.22",
        "@yume-chan/struct": "^0.0.22",
        "tslib": "^2.6.2"
      }
    },
    "@yume-chan/async": {
      "version": "2.2.0",
      "resolved": "https://registry.npmjs.org/@yume-chan/async/-/async-2.2.0.tgz",
      "integrity": "sha512-jatCtX1/3DsR9Vt3EB8CGFy0MNrXP5f+eNiRGHLH+LkYz7MPLzpqL/DnvXSip+Z0EKBCDnzuNuELjsKEEzcdQA==",
      "requires": {
        "tslib": "^2.3.1"
      }
    },
    "@yume-chan/dataview-bigint-polyfill": {
      "version": "0.0.22",
      "resolved": "https://registry.npmjs.org/@yume-chan/dataview-bigint-polyfill/-/dataview-bigint-polyfill-0.0.22.tgz",
      "integrity": "sha512-DVstotC7pt/O5jan2yT3B2WyiVShKDdWlH9uQXsfb/dGMGa1b1q3wCxVA/49p+JYQu4tOPnHUyzJQOcjBk5axw==",
      "requires": {
        "tslib": "^2.6.2"
      }
    },
    "@yume-chan/event": {
      "version": "0.0.22",
      "resolved": "https://registry.npmjs.org/@yume-chan/event/-/event-0.0.22.tgz",
      "integrity": "sha512-2aNpGeRMmcPC1CG/gDn8rVi50zs/Ffvlo8PLBBALo5CtwdkfxzKv1OQaE1JJ5Cz/qIoXI/HolvBnkiLAFY3LPA==",
      "requires": {
        "@yume-chan/async": "^2.2.0",
        "tslib": "^2.6.2"
      }
    },
    "@yume-chan/stream-extra": {
      "version": "0.0.22",
      "resolved": "https://registry.npmjs.org/@yume-chan/stream-extra/-/stream-extra-0.0.22.tgz",
      "integrity": "sha512-cdHS6a8B6rYjLW+dlh2Q8FKOv3/y8ZAd+1bV0I1aNvoZS/vROWfQc2cf0AB0nBqM/GXlhrGbnPM+D35+0PkLBQ==",
      "requires": {
        "@yume-chan/async": "^2.2.0",
        "@yume-chan/struct": "^0.0.22",
        "tslib": "^2.6.2",
        "web-streams-polyfill": "^4.0.0-beta.3"
      }
    },
    "@yume-chan/struct": {
      "version": "0.0.22",
      "resolved": "https://registry.npmjs.org/@yume-chan/struct/-/struct-0.0.22.tgz",
      "integrity": "sha512-v3ETVutInqcRon0sJz8q97LxjC7+xJUx+5yowpNZlIEtbJQdQF2pgqkUXXhfZSWCUppY5Yg7foxCL+UZTSZBFA==",
      "requires": {
        "@yume-chan/dataview-bigint-polyfill": "^0.0.22",
        "tslib": "^2.6.2"
      }
    },
    "@zip.js/zip.js": {
      "version": "2.2.27",
      "resolved": "https://registry.npmjs.org/@zip.js/zip.js/-/zip.js-2.2.27.tgz",
      "integrity": "sha512-lQLsq41xUIGJnUizICgjLL+1hrnlLcqyWnQcaNi8FdsxfJl8y0bqdolDit8o65Huai+/GwXbCODMVu05kNU8mA=="
    },
    "android-fastboot": {
      "version": "1.1.3",
      "resolved": "https://registry.npmjs.org/android-fastboot/-/android-fastboot-1.1.3.tgz",
      "integrity": "sha512-WKgJR25RFS6zuIeHlg7hwNiX6MaGYRmDVR1w0ZZv7iXCfJueUVddb7+eCrG0GNzTyJDbTdetVN1R9Pls9r0DKA==",
      "requires": {
        "@zip.js/zip.js": "2.2.27"
      }
    },
    "tslib": {
      "version": "2.6.2",
      "resolved": "https://registry.npmjs.org/tslib/-/tslib-2.6.2.tgz",
      "integrity": "sha512-AEYxH93jGFPn/a2iVAwW87VuUIkR1FVUKB77NwMF7nBTDkDrrT/Hpt/IrCJ0QXhW27jTBDcf5ZY7w6RiqTMw2Q=="
    },
    "web-streams-polyfill": {
      "version": "4.0.0-beta.3",
      "resolved": "https://registry.npmjs.org/web-streams-polyfill/-/web-streams-polyfill-4.0.0-beta.3.tgz",
      "integrity": "sha512-QW95TCTaHmsYfHDybGMwO5IJIM93I/6vTRk+daHTWFPhwh+C8Cg7j7XyKrwrj8Ib6vYXe0ocYNrmzY4xAAN6ug=="
    },
    "webadb": {
      "version": "1.0.1",
      "resolved": "https://registry.npmjs.org/webadb/-/webadb-1.0.1.tgz",
      "integrity": "sha512-v97amS+LtmCQWlWoy906RkTTqEMTB3XgmXRpH1oilduC6mtgTJwgS8A8c1AZGMIwI9dYmCnKFPNcv9w1DZCgyA=="
    }
  }
}
